
Microsoft Visual Studio Solution File, Format Version 12.00
# Visual Studio 15
VisualStudioVersion = 15.0.27004.2002
MinimumVisualStudioVersion = 10.0.40219.1
Project("{8BC9CEB8-8B4A-11D0-8D11-00A0C91BC942}") = "lab10_pb12", "lab10_pb12\lab10_pb12.vcxproj", "{AB3D8E11-5779-4413-AEEF-BD3C9064649E}"
EndProject
Global
	GlobalSection(SolutionConfigurationPlatforms) = preSolution
		Debug|x64 = Debug|x64
		Debug|x86 = Debug|x86
		Release|x64 = Release|x64
		Release|x86 = Release|x86
	EndGlobalSection
	GlobalSection(ProjectConfigurationPlatforms) = postSolution
		{AB3D8E11-5779-4413-AEEF-BD3C9064649E}.Debug|x64.ActiveCfg = Debug|x64
		{AB3D8E11-5779-4413-AEEF-BD3C9064649E}.Debug|x64.Build.0 = Debug|x64
		{AB3D8E11-5779-4413-AEEF-BD3C9064649E}.Debug|x86.ActiveCfg = Debug|Win32
		{AB3D8E11-5779-4413-AEEF-BD3C9064649E}.Debug|x86.Build.0 = Debug|Win32
		{AB3D8E11-5779-4413-AEEF-BD3C9064649E}.Release|x64.ActiveCfg = Release|x64
		{AB3D8E11-5779-4413-AEEF-BD3C9064649E}.Release|x64.Build.0 = Release|x64
		{AB3D8E11-5779-4413-AEEF-BD3C9064649E}.Release|x86.ActiveCfg = Release|Win32
		{AB3D8E11-5779-4413-AEEF-BD3C9064649E}.Release|x86.Build.0 = Release|Win32
	EndGlobalSection
	GlobalSection(SolutionProperties) = preSolution
		HideSolutionNode = FALSE
	EndGlobalSection
	GlobalSection(ExtensibilityGlobals) = postSolution
		SolutionGuid = {F46E38E5-B6C4-4171-B60D-76228BCC043A}
	EndGlobalSection
EndGlobal
