
Microsoft Visual Studio Solution File, Format Version 12.00
# Visual Studio 15
VisualStudioVersion = 15.0.27004.2002
MinimumVisualStudioVersion = 10.0.40219.1
Project("{8BC9CEB8-8B4A-11D0-8D11-00A0C91BC942}") = "lab06_pb7", "lab06_pb7\lab06_pb7.vcxproj", "{39AC7DEC-5855-4E1B-8CBC-78786162D294}"
EndProject
Global
	GlobalSection(SolutionConfigurationPlatforms) = preSolution
		Debug|x64 = Debug|x64
		Debug|x86 = Debug|x86
		Release|x64 = Release|x64
		Release|x86 = Release|x86
	EndGlobalSection
	GlobalSection(ProjectConfigurationPlatforms) = postSolution
		{39AC7DEC-5855-4E1B-8CBC-78786162D294}.Debug|x64.ActiveCfg = Debug|x64
		{39AC7DEC-5855-4E1B-8CBC-78786162D294}.Debug|x64.Build.0 = Debug|x64
		{39AC7DEC-5855-4E1B-8CBC-78786162D294}.Debug|x86.ActiveCfg = Debug|Win32
		{39AC7DEC-5855-4E1B-8CBC-78786162D294}.Debug|x86.Build.0 = Debug|Win32
		{39AC7DEC-5855-4E1B-8CBC-78786162D294}.Release|x64.ActiveCfg = Release|x64
		{39AC7DEC-5855-4E1B-8CBC-78786162D294}.Release|x64.Build.0 = Release|x64
		{39AC7DEC-5855-4E1B-8CBC-78786162D294}.Release|x86.ActiveCfg = Release|Win32
		{39AC7DEC-5855-4E1B-8CBC-78786162D294}.Release|x86.Build.0 = Release|Win32
	EndGlobalSection
	GlobalSection(SolutionProperties) = preSolution
		HideSolutionNode = FALSE
	EndGlobalSection
	GlobalSection(ExtensibilityGlobals) = postSolution
		SolutionGuid = {23C77AFF-E442-42E1-9BF1-02C8A88121DC}
	EndGlobalSection
EndGlobal
