
Microsoft Visual Studio Solution File, Format Version 12.00
# Visual Studio 15
VisualStudioVersion = 15.0.27004.2002
MinimumVisualStudioVersion = 10.0.40219.1
Project("{8BC9CEB8-8B4A-11D0-8D11-00A0C91BC942}") = "lab04_pb1", "lab04_pb1\lab04_pb1.vcxproj", "{AC47FC7B-F561-486C-9819-733A410EC014}"
EndProject
Global
	GlobalSection(SolutionConfigurationPlatforms) = preSolution
		Debug|x64 = Debug|x64
		Debug|x86 = Debug|x86
		Release|x64 = Release|x64
		Release|x86 = Release|x86
	EndGlobalSection
	GlobalSection(ProjectConfigurationPlatforms) = postSolution
		{AC47FC7B-F561-486C-9819-733A410EC014}.Debug|x64.ActiveCfg = Debug|x64
		{AC47FC7B-F561-486C-9819-733A410EC014}.Debug|x64.Build.0 = Debug|x64
		{AC47FC7B-F561-486C-9819-733A410EC014}.Debug|x86.ActiveCfg = Debug|Win32
		{AC47FC7B-F561-486C-9819-733A410EC014}.Debug|x86.Build.0 = Debug|Win32
		{AC47FC7B-F561-486C-9819-733A410EC014}.Release|x64.ActiveCfg = Release|x64
		{AC47FC7B-F561-486C-9819-733A410EC014}.Release|x64.Build.0 = Release|x64
		{AC47FC7B-F561-486C-9819-733A410EC014}.Release|x86.ActiveCfg = Release|Win32
		{AC47FC7B-F561-486C-9819-733A410EC014}.Release|x86.Build.0 = Release|Win32
	EndGlobalSection
	GlobalSection(SolutionProperties) = preSolution
		HideSolutionNode = FALSE
	EndGlobalSection
	GlobalSection(ExtensibilityGlobals) = postSolution
		SolutionGuid = {50DB7EEF-66AE-494D-887C-A9EBE0A058EC}
	EndGlobalSection
EndGlobal
