
Microsoft Visual Studio Solution File, Format Version 12.00
# Visual Studio 15
VisualStudioVersion = 15.0.27004.2002
MinimumVisualStudioVersion = 10.0.40219.1
Project("{8BC9CEB8-8B4A-11D0-8D11-00A0C91BC942}") = "lab10_pb10", "lab10_pb10\lab10_pb10.vcxproj", "{F65F07A9-417C-4D8A-A6D0-E598B51EE02A}"
EndProject
Global
	GlobalSection(SolutionConfigurationPlatforms) = preSolution
		Debug|x64 = Debug|x64
		Debug|x86 = Debug|x86
		Release|x64 = Release|x64
		Release|x86 = Release|x86
	EndGlobalSection
	GlobalSection(ProjectConfigurationPlatforms) = postSolution
		{F65F07A9-417C-4D8A-A6D0-E598B51EE02A}.Debug|x64.ActiveCfg = Debug|x64
		{F65F07A9-417C-4D8A-A6D0-E598B51EE02A}.Debug|x64.Build.0 = Debug|x64
		{F65F07A9-417C-4D8A-A6D0-E598B51EE02A}.Debug|x86.ActiveCfg = Debug|Win32
		{F65F07A9-417C-4D8A-A6D0-E598B51EE02A}.Debug|x86.Build.0 = Debug|Win32
		{F65F07A9-417C-4D8A-A6D0-E598B51EE02A}.Release|x64.ActiveCfg = Release|x64
		{F65F07A9-417C-4D8A-A6D0-E598B51EE02A}.Release|x64.Build.0 = Release|x64
		{F65F07A9-417C-4D8A-A6D0-E598B51EE02A}.Release|x86.ActiveCfg = Release|Win32
		{F65F07A9-417C-4D8A-A6D0-E598B51EE02A}.Release|x86.Build.0 = Release|Win32
	EndGlobalSection
	GlobalSection(SolutionProperties) = preSolution
		HideSolutionNode = FALSE
	EndGlobalSection
	GlobalSection(ExtensibilityGlobals) = postSolution
		SolutionGuid = {7FB001E1-0326-4DC8-9957-77DA358559C3}
	EndGlobalSection
EndGlobal
