
Microsoft Visual Studio Solution File, Format Version 12.00
# Visual Studio 15
VisualStudioVersion = 15.0.27004.2002
MinimumVisualStudioVersion = 10.0.40219.1
Project("{8BC9CEB8-8B4A-11D0-8D11-00A0C91BC942}") = "lab14_pb1", "lab14_pb1\lab14_pb1.vcxproj", "{C02AA8C8-62E0-4632-B673-B17F8C951747}"
EndProject
Global
	GlobalSection(SolutionConfigurationPlatforms) = preSolution
		Debug|x64 = Debug|x64
		Debug|x86 = Debug|x86
		Release|x64 = Release|x64
		Release|x86 = Release|x86
	EndGlobalSection
	GlobalSection(ProjectConfigurationPlatforms) = postSolution
		{C02AA8C8-62E0-4632-B673-B17F8C951747}.Debug|x64.ActiveCfg = Debug|x64
		{C02AA8C8-62E0-4632-B673-B17F8C951747}.Debug|x64.Build.0 = Debug|x64
		{C02AA8C8-62E0-4632-B673-B17F8C951747}.Debug|x86.ActiveCfg = Debug|Win32
		{C02AA8C8-62E0-4632-B673-B17F8C951747}.Debug|x86.Build.0 = Debug|Win32
		{C02AA8C8-62E0-4632-B673-B17F8C951747}.Release|x64.ActiveCfg = Release|x64
		{C02AA8C8-62E0-4632-B673-B17F8C951747}.Release|x64.Build.0 = Release|x64
		{C02AA8C8-62E0-4632-B673-B17F8C951747}.Release|x86.ActiveCfg = Release|Win32
		{C02AA8C8-62E0-4632-B673-B17F8C951747}.Release|x86.Build.0 = Release|Win32
	EndGlobalSection
	GlobalSection(SolutionProperties) = preSolution
		HideSolutionNode = FALSE
	EndGlobalSection
	GlobalSection(ExtensibilityGlobals) = postSolution
		SolutionGuid = {3F23055E-8C75-42A5-B9DA-7F19BB749A1A}
	EndGlobalSection
EndGlobal
